PODS:
  - ar_flutter_plugin_flutterflow (0.6.2):
    - ARCore/CloudAnchors (~> 1.36.0)
    - Flutter
    - GLTFSceneKit
    - SwiftJWT
  - ARCore/Base (1.36.0):
    - GoogleDataTransport (~> 9.2)
    - nanopb (< 2.30910.0, >= 2.30908.0)
  - ARCore/CloudAnchors (1.36.0):
    - ARCore/GARSession (~> 1.36)
    - GTMSessionFetcher/Core (< 4.0, >= 1.5)
    - nanopb (< 2.30910.0, >= 2.30908.0)
  - ARCore/GARSession (1.36.0):
    - ARCore/Base (~> 1.36)
    - Firebase/RemoteConfig (< 11.0, >= 8.0)
    - GoogleDataTransport (~> 9.2)
    - nanopb (< 2.30910.0, >= 2.30908.0)
  - BlueCryptor (1.0.32)
  - BlueECC (1.2.5)
  - BlueRSA (1.0.200)
  - Firebase/CoreOnly (10.19.0):
    - FirebaseCore (= 10.19.0)
  - Firebase/RemoteConfig (10.19.0):
    - Firebase/CoreOnly
    - FirebaseRemoteConfig (~> 10.19.0)
  - FirebaseABTesting (10.20.0):
    - FirebaseCore (~> 10.0)
  - FirebaseCore (10.19.0):
    - FirebaseCoreInternal (~> 10.0)
    - GoogleUtilities/Environment (~> 7.12)
    - GoogleUtilities/Logger (~> 7.12)
  - FirebaseCoreInternal (10.19.0):
    - "GoogleUtilities/NSData+zlib (~> 7.8)"
  - FirebaseInstallations (10.20.0):
    - FirebaseCore (~> 10.0)
    - GoogleUtilities/Environment (~> 7.8)
    - GoogleUtilities/UserDefaults (~> 7.8)
    - PromisesObjC (~> 2.1)
  - FirebaseRemoteConfig (10.19.0):
    - FirebaseABTesting (~> 10.0)
    - FirebaseCore (~> 10.0)
    - FirebaseInstallations (~> 10.0)
    - FirebaseSharedSwift (~> 10.0)
    - GoogleUtilities/Environment (~> 7.8)
    - "GoogleUtilities/NSData+zlib (~> 7.8)"
  - FirebaseSharedSwift (10.20.0)
  - Flutter (1.0.0)
  - geolocator_apple (1.2.0):
    - Flutter
  - GLTFSceneKit (0.3.0)
  - GoogleDataTransport (9.3.0):
    - GoogleUtilities/Environment (~> 7.7)
    - nanopb (< 2.30910.0, >= 2.30908.0)
    - PromisesObjC (< 3.0, >= 1.2)
  - GoogleUtilities/Environment (7.12.0):
    - PromisesObjC (< 3.0, >= 1.2)
  - GoogleUtilities/Logger (7.12.0):
    - GoogleUtilities/Environment
  - "GoogleUtilities/NSData+zlib (7.12.0)"
  - GoogleUtilities/UserDefaults (7.12.0):
    - GoogleUtilities/Logger
  - GTMSessionFetcher/Core (3.2.0)
  - KituraContracts (1.2.1):
    - LoggerAPI (~> 1.7)
  - LoggerAPI (1.9.200):
    - Logging (~> 1.1)
  - Logging (1.4.0)
  - nanopb (2.30909.1):
    - nanopb/decode (= 2.30909.1)
    - nanopb/encode (= 2.30909.1)
  - nanopb/decode (2.30909.1)
  - nanopb/encode (2.30909.1)
  - permission_handler_apple (9.1.1):
    - Flutter
  - PromisesObjC (2.3.1)
  - SwiftJWT (3.6.200):
    - BlueCryptor (~> 1.0)
    - BlueECC (~> 1.1)
    - BlueRSA (~> 1.0)
    - KituraContracts (~> 1.2)
    - LoggerAPI (~> 1.7)

DEPENDENCIES:
  - ar_flutter_plugin_flutterflow (from `.symlinks/plugins/ar_flutter_plugin_flutterflow/ios`)
  - Flutter (from `Flutter`)
  - geolocator_apple (from `.symlinks/plugins/geolocator_apple/ios`)
  - permission_handler_apple (from `.symlinks/plugins/permission_handler_apple/ios`)

SPEC REPOS:
  trunk:
    - ARCore
    - BlueCryptor
    - BlueECC
    - BlueRSA
    - Firebase
    - FirebaseABTesting
    - FirebaseCore
    - FirebaseCoreInternal
    - FirebaseInstallations
    - FirebaseRemoteConfig
    - FirebaseSharedSwift
    - GLTFSceneKit
    - GoogleDataTransport
    - GoogleUtilities
    - GTMSessionFetcher
    - KituraContracts
    - LoggerAPI
    - Logging
    - nanopb
    - PromisesObjC
    - SwiftJWT

EXTERNAL SOURCES:
  ar_flutter_plugin_flutterflow:
    :path: ".symlinks/plugins/ar_flutter_plugin_flutterflow/ios"
  Flutter:
    :path: Flutter
  geolocator_apple:
    :path: ".symlinks/plugins/geolocator_apple/ios"
  permission_handler_apple:
    :path: ".symlinks/plugins/permission_handler_apple/ios"

SPEC CHECKSUMS:
  ar_flutter_plugin_flutterflow: b2d9dcf909e143f49aa3c1303032583435301c50
  ARCore: 0ae024c989d177c9f907b54e9efc28940045f8df
  BlueCryptor: b0aee3d9b8f367b49b30de11cda90e1735571c24
  BlueECC: 0d18e93347d3ec6d41416de21c1ffa4d4cd3c2cc
  BlueRSA: dfeef51db96bcc4edec654956c1581adbda4e6a3
  Firebase: 63ce8ece0d43743dc28eacac0c6867a2d7fd5a9d
  FirebaseABTesting: 1d5d49804bcfc5fa782bc2491a8c1364e2cf7241
  FirebaseCore: dc5c7badf99d47613c52b2e3a57a64cd187f8554
  FirebaseCoreInternal: b444828ea7cfd594fca83046b95db98a2be4f290
  FirebaseInstallations: 558b1da7d65afeb996fd5c814332f013234ece4e
  FirebaseRemoteConfig: a7fcc7a5941faa7e09248e91c8797340aa4c85f6
  FirebaseSharedSwift: 2fbf73618288b7a36b2014b957745dcdd781389e
  Flutter: e0871f40cf51350855a761d2e70bf5af5b9b5de7
  geolocator_apple: 9157311f654584b9bb72686c55fc02a97b73f461
  GLTFSceneKit: d1b437c514ba2aed5555afb0fddd64e030612d57
  GoogleDataTransport: 57c22343ab29bc686febbf7cbb13bad167c2d8fe
  GoogleUtilities: 0759d1a57ebb953965c2dfe0ba4c82e95ccc2e34
  GTMSessionFetcher: 41b9ef0b4c08a6db4b7eb51a21ae5183ec99a2c8
  KituraContracts: e845e60dc8627ad0a76fa55ef20a45451d8f830b
  LoggerAPI: ad9c4a6f1e32f518fdb43a1347ac14d765ab5e3d
  Logging: beeb016c9c80cf77042d62e83495816847ef108b
  nanopb: d4d75c12cd1316f4a64e3c6963f879ecd4b5e0d5
  permission_handler_apple: e76247795d700c14ea09e3a2d8855d41ee80a2e6
  PromisesObjC: c50d2056b5253dadbd6c2bea79b0674bd5a52fa4
  SwiftJWT: 88c412708f58c169d431d344c87bc79a87c830ae

PODFILE CHECKSUM: f7f243133b420c75290f3861398e06e53106b890

COCOAPODS: 1.14.3
